
Microsoft Visual Studio Solution File, Format Version 12.00
# Visual Studio 15
VisualStudioVersion = 15.0.28010.2003
MinimumVisualStudioVersion = 10.0.40219.1
Project("{8BC9CEB8-8B4A-11D0-8D11-00A0C91BC942}") = "Project 3", "Project 3\Project 3.vcxproj", "{3F8B5A75-1E0F-4A89-A58F-697071283C0A}"
EndProject
Global
	GlobalSection(SolutionConfigurationPlatforms) = preSolution
		Debug|x64 = Debug|x64
		Debug|x86 = Debug|x86
		Release|x64 = Release|x64
		Release|x86 = Release|x86
	EndGlobalSection
	GlobalSection(ProjectConfigurationPlatforms) = postSolution
		{3F8B5A75-1E0F-4A89-A58F-697071283C0A}.Debug|x64.ActiveCfg = Debug|x64
		{3F8B5A75-1E0F-4A89-A58F-697071283C0A}.Debug|x64.Build.0 = Debug|x64
		{3F8B5A75-1E0F-4A89-A58F-697071283C0A}.Debug|x86.ActiveCfg = Debug|Win32
		{3F8B5A75-1E0F-4A89-A58F-697071283C0A}.Debug|x86.Build.0 = Debug|Win32
		{3F8B5A75-1E0F-4A89-A58F-697071283C0A}.Release|x64.ActiveCfg = Release|x64
		{3F8B5A75-1E0F-4A89-A58F-697071283C0A}.Release|x64.Build.0 = Release|x64
		{3F8B5A75-1E0F-4A89-A58F-697071283C0A}.Release|x86.ActiveCfg = Release|Win32
		{3F8B5A75-1E0F-4A89-A58F-697071283C0A}.Release|x86.Build.0 = Release|Win32
	EndGlobalSection
	GlobalSection(SolutionProperties) = preSolution
		HideSolutionNode = FALSE
	EndGlobalSection
	GlobalSection(ExtensibilityGlobals) = postSolution
		SolutionGuid = {C9DC8534-7AD8-4505-8B27-F15ADA888187}
	EndGlobalSection
EndGlobal
